
Microsoft Visual Studio Solution File, Format Version 12.00
# Visual Studio 15
VisualStudioVersion = 15.0.28307.1525
MinimumVisualStudioVersion = 10.0.40219.1
Project("{FAE04EC0-301F-11D3-BF4B-00C04F79EFBC}") = "APP_NATURAL_VERDE", "APP_NATURAL_VERDE\APP_NATURAL_VERDE.csproj", "{F9F4E7D9-B2B7-4919-B7CE-64A53F44A6FF}"
EndProject
Global
	GlobalSection(SolutionConfigurationPlatforms) = preSolution
		Debug|Any CPU = Debug|Any CPU
		Release|Any CPU = Release|Any CPU
	EndGlobalSection
	GlobalSection(ProjectConfigurationPlatforms) = postSolution
		{F9F4E7D9-B2B7-4919-B7CE-64A53F44A6FF}.Debug|Any CPU.ActiveCfg = Debug|Any CPU
		{F9F4E7D9-B2B7-4919-B7CE-64A53F44A6FF}.Debug|Any CPU.Build.0 = Debug|Any CPU
		{F9F4E7D9-B2B7-4919-B7CE-64A53F44A6FF}.Release|Any CPU.ActiveCfg = Release|Any CPU
		{F9F4E7D9-B2B7-4919-B7CE-64A53F44A6FF}.Release|Any CPU.Build.0 = Release|Any CPU
	EndGlobalSection
	GlobalSection(SolutionProperties) = preSolution
		HideSolutionNode = FALSE
	EndGlobalSection
	GlobalSection(ExtensibilityGlobals) = postSolution
		SolutionGuid = {5298F165-6538-4869-B339-E5DFA50F1CF8}
	EndGlobalSection
EndGlobal
